
Microsoft Visual Studio Solution File, Format Version 12.00
# Visual Studio Version 16
VisualStudioVersion = 16.0.29709.97
MinimumVisualStudioVersion = 10.0.40219.1
Project("{9A19103F-16F7-4668-BE54-9A1E7A4F7556}") = "Evaluation.Domain", "Evaluation.Domain\Evaluation.Domain.csproj", "{7101CE76-FC1E-465A-9971-5631022DF93C}"
EndProject
Project("{FAE04EC0-301F-11D3-BF4B-00C04F79EFBC}") = "Evaluation.UI.Web", "Evaluation.UI.Web\Evaluation.UI.Web.csproj", "{BA20C98A-F8A8-435C-99C9-AC467ECD3740}"
EndProject
Global
	GlobalSection(SolutionConfigurationPlatforms) = preSolution
		Debug|Any CPU = Debug|Any CPU
		Release|Any CPU = Release|Any CPU
	EndGlobalSection
	GlobalSection(ProjectConfigurationPlatforms) = postSolution
		{7101CE76-FC1E-465A-9971-5631022DF93C}.Debug|Any CPU.ActiveCfg = Debug|Any CPU
		{7101CE76-FC1E-465A-9971-5631022DF93C}.Debug|Any CPU.Build.0 = Debug|Any CPU
		{7101CE76-FC1E-465A-9971-5631022DF93C}.Release|Any CPU.ActiveCfg = Release|Any CPU
		{7101CE76-FC1E-465A-9971-5631022DF93C}.Release|Any CPU.Build.0 = Release|Any CPU
		{BA20C98A-F8A8-435C-99C9-AC467ECD3740}.Debug|Any CPU.ActiveCfg = Debug|Any CPU
		{BA20C98A-F8A8-435C-99C9-AC467ECD3740}.Debug|Any CPU.Build.0 = Debug|Any CPU
		{BA20C98A-F8A8-435C-99C9-AC467ECD3740}.Release|Any CPU.ActiveCfg = Release|Any CPU
		{BA20C98A-F8A8-435C-99C9-AC467ECD3740}.Release|Any CPU.Build.0 = Release|Any CPU
	EndGlobalSection
	GlobalSection(SolutionProperties) = preSolution
		HideSolutionNode = FALSE
	EndGlobalSection
	GlobalSection(ExtensibilityGlobals) = postSolution
		SolutionGuid = {EFDC51EC-A6A4-4D76-B292-EA5FC417A5FB}
	EndGlobalSection
EndGlobal
